
Microsoft Visual Studio Solution File, Format Version 12.00
# Visual Studio Version 16
VisualStudioVersion = 16.0.31702.278
MinimumVisualStudioVersion = 10.0.40219.1
Project("{FAE04EC0-301F-11D3-BF4B-00C04F79EFBC}") = "calculator", "calculator\calculator.csproj", "{66EFFCF4-8BEF-4444-8507-B6DC2AE6ECB2}"
EndProject
Global
	GlobalSection(SolutionConfigurationPlatforms) = preSolution
		Debug|Any CPU = Debug|Any CPU
		Release|Any CPU = Release|Any CPU
	EndGlobalSection
	GlobalSection(ProjectConfigurationPlatforms) = postSolution
		{66EFFCF4-8BEF-4444-8507-B6DC2AE6ECB2}.Debug|Any CPU.ActiveCfg = Debug|Any CPU
		{66EFFCF4-8BEF-4444-8507-B6DC2AE6ECB2}.Debug|Any CPU.Build.0 = Debug|Any CPU
		{66EFFCF4-8BEF-4444-8507-B6DC2AE6ECB2}.Release|Any CPU.ActiveCfg = Release|Any CPU
		{66EFFCF4-8BEF-4444-8507-B6DC2AE6ECB2}.Release|Any CPU.Build.0 = Release|Any CPU
	EndGlobalSection
	GlobalSection(SolutionProperties) = preSolution
		HideSolutionNode = FALSE
	EndGlobalSection
	GlobalSection(ExtensibilityGlobals) = postSolution
		SolutionGuid = {E644BC1A-F6A2-47EE-81D0-3FAA641ECA95}
	EndGlobalSection
EndGlobal
